github.com/cilium/ebpf v0.22.1-0.20260910105759-60e81073fdc6 h1:BdLBpmxO6ShIDtGwvPrTeEBF1YUXbtADExQa+J7jKnE=
github.com/cilium/ebpf v0.22.1-0.20260910105759-60e81073fdc6/go.mod h1:aEqGNOYbSL1ezCvpK7qm/O9C8RTzU/aNYHycwduDkrU=
golang.org/x/sys v0.47.0 h1:o7XGOvZQCADBQQ4Y7VNq2dRWQR7JmOUW8Kxx4ZsNgWs=
golang.org/x/sys v0.47.0/go.mod h1:4GL1E5IUh+htKOUEOaiffhrAeqysfVGipDYzABqnCmw=
